// !$*UTF8*$!
{
	archiveVersion = 1;
	classes = {
	};
	objectVersion = 55;
	objects = {

/* Begin PBXBuildFile section */
		9F6398B6272D5D3D00DAAED8 /* AppDelegate.swift in Sources */ = {isa = PBXBuildFile; fileRef = 9F6398B5272D5D3D00DAAED8 /* AppDelegate.swift */; };
		9F6398B8272D5D3D00DAAED8 /* SceneDelegate.swift in Sources */ = {isa = PBXBuildFile; fileRef = 9F6398B7272D5D3D00DAAED8 /* SceneDelegate.swift */; };
		9F6398BA272D5D3D00DAAED8 /* ViewController.swift in Sources */ = {isa = PBXBuildFile; fileRef = 9F6398B9272D5D3D00DAAED8 /* ViewController.swift */; };
		9F6398BD272D5D3D00DAAED8 /* Main.storyboard in Resources */ = {isa = PBXBuildFile; fileRef = 9F6398BB272D5D3D00DAAED8 /* Main.storyboard */; };
		9F6398BF272D5D4100DAAED8 /* Assets.xcassets in Resources */ = {isa = PBXBuildFile; fileRef = 9F6398BE272D5D4100DAAED8 /* Assets.xcassets */; };
		9F6398C2272D5D4100DAAED8 /* LaunchScreen.storyboard in Resources */ = {isa = PBXBuildFile; fileRef = 9F6398C0272D5D4100DAAED8 /* LaunchScreen.storyboard */; };
		9F6398CD272D5D4200DAAED8 /* eCommerceTests.swift in Sources */ = {isa = PBXBuildFile; fileRef = 9F6398CC272D5D4200DAAED8 /* eCommerceTests.swift */; };
		9F6398D7272D5D4200DAAED8 /* eCommerceUITests.swift in Sources */ = {isa = PBXBuildFile; fileRef = 9F6398D6272D5D4200DAAED8 /* eCommerceUITests.swift */; };
		9F6398D9272D5D4200DAAED8 /* eCommerceUITestsLaunchTests.swift in Sources */ = {isa = PBXBuildFile; fileRef = 9F6398D8272D5D4200DAAED8 /* eCommerceUITestsLaunchTests.swift */; };
/* End PBXBuildFile section */

/* Begin PBXContainerItemProxy section */
		9F6398C9272D5D4200DAAED8 /* PBXContainerItemProxy */ = {
			isa = PBXContainerItemProxy;
			containerPortal = 9F6398AA272D5D3C00DAAED8 /* Project object */;
			proxyType = 1;
			remoteGlobalIDString = 9F6398B1272D5D3C00DAAED8;
			remoteInfo = eCommerce;
		};
		9F6398D3272D5D4200DAAED8 /* PBXContainerItemProxy */ = {
			isa = PBXContainerItemProxy;
			containerPortal = 9F6398AA272D5D3C00DAAED8 /* Project object */;
			proxyType = 1;
			remoteGlobalIDString = 9F6398B1272D5D3C00DAAED8;
			remoteInfo = eCommerce;
		};
/* End PBXContainerItemProxy section */

/* Begin PBXFileReference section */
		9F6398B2272D5D3C00DAAED8 /* eCommerce.app */ = {isa = PBXFileReference; explicitFileType = wrapper.application; includeInIndex = 0; path = eCommerce.app; sourceTree = BUILT_PRODUCTS_DIR; };
		9F6398B5272D5D3D00DAAED8 /* AppDelegate.swift */ = {isa = PBXFileReference; lastKnownFileType = sourcecode.swift; path = AppDelegate.swift; sourceTree = "<group>"; };
		9F6398B7272D5D3D00DAAED8 /* SceneDelegate.swift */ = {isa = PBXFileReference; lastKnownFileType = sourcecode.swift; path = SceneDelegate.swift; sourceTree = "<group>"; };
		9F6398B9272D5D3D00DAAED8 /* ViewController.swift */ = {isa = PBXFileReference; lastKnownFileType = sourcecode.swift; path = ViewController.swift; sourceTree = "<group>"; };
		9F6398BC272D5D3D00DAAED8 /* Base */ = {isa = PBXFileReference; lastKnownFileType = file.storyboard; name = Base; path = Base.lproj/Main.storyboard; sourceTree = "<group>"; };
		9F6398BE272D5D4100DAAED8 /* Assets.xcassets */ = {isa = PBXFileReference; lastKnownFileType = folder.assetcatalog; path = Assets.xcassets; sourceTree = "<group>"; };
		9F6398C1272D5D4100DAAED8 /* Base */ = {isa = PBXFileReference; lastKnownFileType = file.storyboard; name = Base; path = Base.lproj/LaunchScreen.storyboard; sourceTree = "<group>"; };
		9F6398C3272D5D4100DAAED8 /* Info.plist */ = {isa = PBXFileReference; lastKnownFileType = text.plist.xml; path = Info.plist; sourceTree = "<group>"; };
		9F6398C8272D5D4200DAAED8 /* eCommerceTests.xctest */ = {isa = PBXFileReference; explicitFileType = wrapper.cfbundle; includeInIndex = 0; path = eCommerceTests.xctest; sourceTree = BUILT_PRODUCTS_DIR; };
		9F6398CC272D5D4200DAAED8 /* eCommerceTests.swift */ = {isa = PBXFileReference; lastKnownFileType = sourcecode.swift; path = eCommerceTests.swift; sourceTree = "<group>"; };
		9F6398D2272D5D4200DAAED8 /* eCommerceUITests.xctest */ = {isa = PBXFileReference; explicitFileType = wrapper.cfbundle; includeInIndex = 0; path = eCommerceUITests.xctest; sourceTree = BUILT_PRODUCTS_DIR; };
		9F6398D6272D5D4200DAAED8 /* eCommerceUITests.swift */ = {isa = PBXFileReference; lastKnownFileType = sourcecode.swift; path = eCommerceUITests.swift; sourceTree = "<group>"; };
		9F6398D8272D5D4200DAAED8 /* eCommerceUITestsLaunchTests.swift */ = {isa = PBXFileReference; lastKnownFileType = sourcecode.swift; path = eCommerceUITestsLaunchTests.swift; sourceTree = "<group>"; };
/* End PBXFileReference section */

/* Begin PBXFrameworksBuildPhase section */
		9F6398AF272D5D3C00DAAED8 /* Frameworks */ = {
			isa = PBXFrameworksBuildPhase;
			buildActionMask = 2147483647;
			files = (
			);
			runOnlyForDeploymentPostprocessing = 0;
		};
		9F6398C5272D5D4200DAAED8 /* Frameworks */ = {
			isa = PBXFrameworksBuildPhase;
			buildActionMask = 2147483647;
			files = (
			);
			runOnlyForDeploymentPostprocessing = 0;
		};
		9F6398CF272D5D4200DAAED8 /* Frameworks */ = {
			isa = PBXFrameworksBuildPhase;
			buildActionMask = 2147483647;
			files = (
			);
			runOnlyForDeploymentPostprocessing = 0;
		};
/* End PBXFrameworksBuildPhase section */

/* Begin PBXGroup section */
		9F6398A9272D5D3C00DAAED8 = {
			isa = PBXGroup;
			children = (
				9F6398B4272D5D3C00DAAED8 /* eCommerce */,
				9F6398CB272D5D4200DAAED8 /* eCommerceTests */,
				9F6398D5272D5D4200DAAED8 /* eCommerceUITests */,
				9F6398B3272D5D3C00DAAED8 /* Products */,
			);
			sourceTree = "<group>";
		};
		9F6398B3272D5D3C00DAAED8 /* Products */ = {
			isa = PBXGroup;
			children = (
				9F6398B2272D5D3C00DAAED8 /* eCommerce.app */,
				9F6398C8272D5D4200DAAED8 /* eCommerceTests.xctest */,
				9F6398D2272D5D4200DAAED8 /* eCommerceUITests.xctest */,
			);
			name = Products;
			sourceTree = "<group>";
		};
		9F6398B4272D5D3C00DAAED8 /* eCommerce */ = {
			isa = PBXGroup;
			children = (
				9F6398B5272D5D3D00DAAED8 /* AppDelegate.swift */,
				9F6398B7272D5D3D00DAAED8 /* SceneDelegate.swift */,
				9F6398B9272D5D3D00DAAED8 /* ViewController.swift */,
				9F6398BB272D5D3D00DAAED8 /* Main.storyboard */,
				9F6398BE272D5D4100DAAED8 /* Assets.xcassets */,
				9F6398C0272D5D4100DAAED8 /* LaunchScreen.storyboard */,
				9F6398C3272D5D4100DAAED8 /* Info.plist */,
			);
			path = eCommerce;
			sourceTree = "<group>";
		};
		9F6398CB272D5D4200DAAED8 /* eCommerceTests */ = {
			isa = PBXGroup;
			children = (
				9F6398CC272D5D4200DAAED8 /* eCommerceTests.swift */,
			);
			path = eCommerceTests;
			sourceTree = "<group>";
		};
		9F6398D5272D5D4200DAAED8 /* eCommerceUITests */ = {
			isa = PBXGroup;
			children = (
				9F6398D6272D5D4200DAAED8 /* eCommerceUITests.swift */,
				9F6398D8272D5D4200DAAED8 /* eCommerceUITestsLaunchTests.swift */,
			);
			path = eCommerceUITests;
			sourceTree = "<group>";
		};
/* End PBXGroup section */

/* Begin PBXNativeTarget section */
		9F6398B1272D5D3C00DAAED8 /* eCommerce */ = {
			isa = PBXNativeTarget;
			buildConfigurationList = 9F6398DC272D5D4200DAAED8 /* Build configuration list for PBXNativeTarget "eCommerce" */;
			buildPhases = (
				9F6398AE272D5D3C00DAAED8 /* Sources */,
				9F6398AF272D5D3C00DAAED8 /* Frameworks */,
				9F6398B0272D5D3C00DAAED8 /* Resources */,
			);
			buildRules = (
			);
			dependencies = (
			);
			name = eCommerce;
			productName = eCommerce;
			productReference = 9F6398B2272D5D3C00DAAED8 /* eCommerce.app */;
			productType = "com.apple.product-type.application";
		};
		9F6398C7272D5D4200DAAED8 /* eCommerceTests */ = {
			isa = PBXNativeTarget;
			buildConfigurationList = 9F6398DF272D5D4200DAAED8 /* Build configuration list for PBXNativeTarget "eCommerceTests" */;
			buildPhases = (
				9F6398C4272D5D4200DAAED8 /* Sources */,
				9F6398C5272D5D4200DAAED8 /* Frameworks */,
				9F6398C6272D5D4200DAAED8 /* Resources */,
			);
			buildRules = (
			);
			dependencies = (
				9F6398CA272D5D4200DAAED8 /* PBXTargetDependency */,
			);
			name = eCommerceTests;
			productName = eCommerceTests;
			productReference = 9F6398C8272D5D4200DAAED8 /* eCommerceTests.xctest */;
			productType = "com.apple.product-type.bundle.unit-test";
		};
		9F6398D1272D5D4200DAAED8 /* eCommerceUITests */ = {
			isa = PBXNativeTarget;
			buildConfigurationList = 9F6398E2272D5D4200DAAED8 /* Build configuration list for PBXNativeTarget "eCommerceUITests" */;
			buildPhases = (
				9F6398CE272D5D4200DAAED8 /* Sources */,
				9F6398CF272D5D4200DAAED8 /* Frameworks */,
				9F6398D0272D5D4200DAAED8 /* Resources */,
			);
			buildRules = (
			);
			dependencies = (
				9F6398D4272D5D4200DAAED8 /* PBXTargetDependency */,
			);
			name = eCommerceUITests;
			productName = eCommerceUITests;
			productReference = 9F6398D2272D5D4200DAAED8 /* eCommerceUITests.xctest */;
			productType = "com.apple.product-type.bundle.ui-testing";
		};
/* End PBXNativeTarget section */

/* Begin PBXProject section */
		9F6398AA272D5D3C00DAAED8 /* Project object */ = {
			isa = PBXProject;
			attributes = {
				BuildIndependentTargetsInParallel = 1;
				LastSwiftUpdateCheck = 1300;
				LastUpgradeCheck = 1300;
				TargetAttributes = {
					9F6398B1272D5D3C00DAAED8 = {
						CreatedOnToolsVersion = 13.0;
					};
					9F6398C7272D5D4200DAAED8 = {
						CreatedOnToolsVersion = 13.0;
						TestTargetID = 9F6398B1272D5D3C00DAAED8;
					};
					9F6398D1272D5D4200DAAED8 = {
						CreatedOnToolsVersion = 13.0;
						TestTargetID = 9F6398B1272D5D3C00DAAED8;
					};
				};
			};
			buildConfigurationList = 9F6398AD272D5D3C00DAAED8 /* Build configuration list for PBXProject "eCommerce" */;
			compatibilityVersion = "Xcode 13.0";
			developmentRegion = en;
			hasScannedForEncodings = 0;
			knownRegions = (
				en,
				Base,
			);
			mainGroup = 9F6398A9272D5D3C00DAAED8;
			productRefGroup = 9F6398B3272D5D3C00DAAED8 /* Products */;
			projectDirPath = "";
			projectRoot = "";
			targets = (
				9F6398B1272D5D3C00DAAED8 /* eCommerce */,
				9F6398C7272D5D4200DAAED8 /* eCommerceTests */,
				9F6398D1272D5D4200DAAED8 /* eCommerceUITests */,
			);
		};
/* End PBXProject section */

/* Begin PBXResourcesBuildPhase section */
		9F6398B0272D5D3C00DAAED8 /* Resources */ = {
			isa = PBXResourcesBuildPhase;
			buildActionMask = 2147483647;
			files = (
				9F6398C2272D5D4100DAAED8 /* LaunchScreen.storyboard in Resources */,
				9F6398BF272D5D4100DAAED8 /* Assets.xcassets in Resources */,
				9F6398BD272D5D3D00DAAED8 /* Main.storyboard in Resources */,
			);
			runOnlyForDeploymentPostprocessing = 0;
		};
		9F6398C6272D5D4200DAAED8 /* Resources */ = {
			isa = PBXResourcesBuildPhase;
			buildActionMask = 2147483647;
			files = (
			);
			runOnlyForDeploymentPostprocessing = 0;
		};
		9F6398D0272D5D4200DAAED8 /* Resources */ = {
			isa = PBXResourcesBuildPhase;
			buildActionMask = 2147483647;
			files = (
			);
			runOnlyForDeploymentPostprocessing = 0;
		};
/* End PBXResourcesBuildPhase section */

/* Begin PBXSourcesBuildPhase section */
		9F6398AE272D5D3C00DAAED8 /* Sources */ = {
			isa = PBXSourcesBuildPhase;
			buildActionMask = 2147483647;
			files = (
				9F6398BA272D5D3D00DAAED8 /* ViewController.swift in Sources */,
				9F6398B6272D5D3D00DAAED8 /* AppDelegate.swift in Sources */,
				9F6398B8272D5D3D00DAAED8 /* SceneDelegate.swift in Sources */,
			);
			runOnlyForDeploymentPostprocessing = 0;
		};
		9F6398C4272D5D4200DAAED8 /* Sources */ = {
			isa = PBXSourcesBuildPhase;
			buildActionMask = 2147483647;
			files = (
				9F6398CD272D5D4200DAAED8 /* eCommerceTests.swift in Sources */,
			);
			runOnlyForDeploymentPostprocessing = 0;
		};
		9F6398CE272D5D4200DAAED8 /* Sources */ = {
			isa = PBXSourcesBuildPhase;
			buildActionMask = 2147483647;
			files = (
				9F6398D7272D5D4200DAAED8 /* eCommerceUITests.swift in Sources */,
				9F6398D9272D5D4200DAAED8 /* eCommerceUITestsLaunchTests.swift in Sources */,
			);
			runOnlyForDeploymentPostprocessing = 0;
		};
/* End PBXSourcesBuildPhase section */

/* Begin PBXTargetDependency section */
		9F6398CA272D5D4200DAAED8 /* PBXTargetDependency */ = {
			isa = PBXTargetDependency;
			target = 9F6398B1272D5D3C00DAAED8 /* eCommerce */;
			targetProxy = 9F6398C9272D5D4200DAAED8 /* PBXContainerItemProxy */;
		};
		9F6398D4272D5D4200DAAED8 /* PBXTargetDependency */ = {
			isa = PBXTargetDependency;
			target = 9F6398B1272D5D3C00DAAED8 /* eCommerce */;
			targetProxy = 9F6398D3272D5D4200DAAED8 /* PBXContainerItemProxy */;
		};
/* End PBXTargetDependency section */

/* Begin PBXVariantGroup section */
		9F6398BB272D5D3D00DAAED8 /* Main.storyboard */ = {
			isa = PBXVariantGroup;
			children = (
				9F6398BC272D5D3D00DAAED8 /* Base */,
			);
			name = Main.storyboard;
			sourceTree = "<group>";
		};
		9F6398C0272D5D4100DAAED8 /* LaunchScreen.storyboard */ = {
			isa = PBXVariantGroup;
			children = (
				9F6398C1272D5D4100DAAED8 /* Base */,
			);
			name = LaunchScreen.storyboard;
			sourceTree = "<group>";
		};
/* End PBXVariantGroup section */

/* Begin XCBuildConfiguration section */
		9F6398DA272D5D4200DAAED8 /* Debug */ = {
			isa = XCBuildConfiguration;
			buildSettings = {
				ALWAYS_SEARCH_USER_PATHS = NO;
				CLANG_ANALYZER_NONNULL = YES;
				CLANG_ANALYZER_NUMBER_OBJECT_CONVERSION = YES_AGGRESSIVE;
				CLANG_CXX_LANGUAGE_STANDARD = "gnu++17";
				CLANG_CXX_LIBRARY = "libc++";
				CLANG_ENABLE_MODULES = YES;
				CLANG_ENABLE_OBJC_ARC = YES;
				CLANG_ENABLE_OBJC_WEAK = YES;
				CLANG_WARN_BLOCK_CAPTURE_AUTORELEASING = YES;
				CLANG_WARN_BOOL_CONVERSION = YES;
				CLANG_WARN_COMMA = YES;
				CLANG_WARN_CONSTANT_CONVERSION = YES;
				CLANG_WARN_DEPRECATED_OBJC_IMPLEMENTATIONS = YES;
				CLANG_WARN_DIRECT_OBJC_ISA_USAGE = YES_ERROR;
				CLANG_WARN_DOCUMENTATION_COMMENTS = YES;
				CLANG_WARN_EMPTY_BODY = YES;
				CLANG_WARN_ENUM_CONVERSION = YES;
				CLANG_WARN_INFINITE_RECURSION = YES;
				CLANG_WARN_INT_CONVERSION = YES;
				CLANG_WARN_NON_LITERAL_NULL_CONVERSION = YES;
				CLANG_WARN_OBJC_IMPLICIT_RETAIN_SELF = YES;
				CLANG_WARN_OBJC_LITERAL_CONVERSION = YES;
				CLANG_WARN_OBJC_ROOT_CLASS = YES_ERROR;
				CLANG_WARN_QUOTED_INCLUDE_IN_FRAMEWORK_HEADER = YES;
				CLANG_WARN_RANGE_LOOP_ANALYSIS = YES;
				CLANG_WARN_STRICT_PROTOTYPES = YES;
				CLANG_WARN_SUSPICIOUS_MOVE = YES;
				CLANG_WARN_UNGUARDED_AVAILABILITY = YES_AGGRESSIVE;
				CLANG_WARN_UNREACHABLE_CODE = YES;
				CLANG_WARN__DUPLICATE_METHOD_MATCH = YES;
				COPY_PHASE_STRIP = NO;
				DEBUG_INFORMATION_FORMAT = dwarf;
				ENABLE_STRICT_OBJC_MSGSEND = YES;
				ENABLE_TESTABILITY = YES;
				GCC_C_LANGUAGE_STANDARD = gnu11;
				GCC_DYNAMIC_NO_PIC = NO;
				GCC_NO_COMMON_BLOCKS = YES;
				GCC_OPTIMIZATION_LEVEL = 0;
				GCC_PREPROCESSOR_DEFINITIONS = (
					"DEBUG=1",
					"$(inherited)",
				);
				GCC_WARN_64_TO_32_BIT_CONVERSION = YES;
				GCC_WARN_ABOUT_RETURN_TYPE = YES_ERROR;
				GCC_WARN_UNDECLARED_SELECTOR = YES;
				GCC_WARN_UNINITIALIZED_AUTOS = YES_AGGRESSIVE;
				GCC_WARN_UNUSED_FUNCTION = YES;
				GCC_WARN_UNUSED_VARIABLE = YES;
				IPHONEOS_DEPLOYMENT_TARGET = 15.0;
				MTL_ENABLE_DEBUG_INFO = INCLUDE_SOURCE;
				MTL_FAST_MATH = YES;
				ONLY_ACTIVE_ARCH = YES;
				SDKROOT = iphoneos;
				SWIFT_ACTIVE_COMPILATION_CONDITIONS = DEBUG;
				SWIFT_OPTIMIZATION_LEVEL = "-Onone";
			};
			name = Debug;
		};
		9F6398DB272D5D4200DAAED8 /* Release */ = {
			isa = XCBuildConfiguration;
			buildSettings = {
				ALWAYS_SEARCH_USER_PATHS = NO;
				CLANG_ANALYZER_NONNULL = YES;
				CLANG_ANALYZER_NUMBER_OBJECT_CONVERSION = YES_AGGRESSIVE;
				CLANG_CXX_LANGUAGE_STANDARD = "gnu++17";
				CLANG_CXX_LIBRARY = "libc++";
				CLANG_ENABLE_MODULES = YES;
				CLANG_ENABLE_OBJC_ARC = YES;
				CLANG_ENABLE_OBJC_WEAK = YES;
				CLANG_WARN_BLOCK_CAPTURE_AUTORELEASING = YES;
				CLANG_WARN_BOOL_CONVERSION = YES;
				CLANG_WARN_COMMA = YES;
				CLANG_WARN_CONSTANT_CONVERSION = YES;
				CLANG_WARN_DEPRECATED_OBJC_IMPLEMENTATIONS = YES;
				CLANG_WARN_DIRECT_OBJC_ISA_USAGE = YES_ERROR;
				CLANG_WARN_DOCUMENTATION_COMMENTS = YES;
				CLANG_WARN_EMPTY_BODY = YES;
				CLANG_WARN_ENUM_CONVERSION = YES;
				CLANG_WARN_INFINITE_RECURSION = YES;
				CLANG_WARN_INT_CONVERSION = YES;
				CLANG_WARN_NON_LITERAL_NULL_CONVERSION = YES;
				CLANG_WARN_OBJC_IMPLICIT_RETAIN_SELF = YES;
				CLANG_WARN_OBJC_LITERAL_CONVERSION = YES;
				CLANG_WARN_OBJC_ROOT_CLASS = YES_ERROR;
				CLANG_WARN_QUOTED_INCLUDE_IN_FRAMEWORK_HEADER = YES;
				CLANG_WARN_RANGE_LOOP_ANALYSIS = YES;
				CLANG_WARN_STRICT_PROTOTYPES = YES;
				CLANG_WARN_SUSPICIOUS_MOVE = YES;
				CLANG_WARN_UNGUARDED_AVAILABILITY = YES_AGGRESSIVE;
				CLANG_WARN_UNREACHABLE_CODE = YES;
				CLANG_WARN__DUPLICATE_METHOD_MATCH = YES;
				COPY_PHASE_STRIP = NO;
				DEBUG_INFORMATION_FORMAT = "dwarf-with-dsym";
				ENABLE_NS_ASSERTIONS = NO;
				ENABLE_STRICT_OBJC_MSGSEND = YES;
				GCC_C_LANGUAGE_STANDARD = gnu11;
				GCC_NO_COMMON_BLOCKS = YES;
				GCC_WARN_64_TO_32_BIT_CONVERSION = YES;
				GCC_WARN_ABOUT_RETURN_TYPE = YES_ERROR;
				GCC_WARN_UNDECLARED_SELECTOR = YES;
				GCC_WARN_UNINITIALIZED_AUTOS = YES_AGGRESSIVE;
				GCC_WARN_UNUSED_FUNCTION = YES;
				GCC_WARN_UNUSED_VARIABLE = YES;
				IPHONEOS_DEPLOYMENT_TARGET = 15.0;
				MTL_ENABLE_DEBUG_INFO = NO;
				MTL_FAST_MATH = YES;
				SDKROOT = iphoneos;
				SWIFT_COMPILATION_MODE = wholemodule;
				SWIFT_OPTIMIZATION_LEVEL = "-O";
				VALIDATE_PRODUCT = YES;
			};
			name = Release;
		};
		9F6398DD272D5D4200DAAED8 /* Debug */ = {
			isa = XCBuildConfiguration;
			buildSettings = {
				ASSETCATALOG_COMPILER_APPICON_NAME = AppIcon;
				ASSETCATALOG_COMPILER_GLOBAL_ACCENT_COLOR_NAME = AccentColor;
				CODE_SIGN_STYLE = Automatic;
				CURRENT_PROJECT_VERSION = 1;
				GENERATE_INFOPLIST_FILE = YES;
				INFOPLIST_FILE = eCommerce/Info.plist;
				INFOPLIST_KEY_UIApplicationSupportsIndirectInputEvents = YES;
				INFOPLIST_KEY_UILaunchStoryboardName = LaunchScreen;
				INFOPLIST_KEY_UIMainStoryboardFile = Main;
				INFOPLIST_KEY_UISupportedInterfaceOrientations_iPad = "UIInterfaceOrientationPortrait UIInterfaceOrientationPortraitUpsideDown UIInterfaceOrientationLandscapeLeft UIInterfaceOrientationLandscapeRight";
				INFOPLIST_KEY_UISupportedInterfaceOrientations_iPhone = "UIInterfaceOrientationPortrait UIInterfaceOrientationLandscapeLeft UIInterfaceOrientationLandscapeRight";
				LD_RUNPATH_SEARCH_PATHS = (
					"$(inherited)",
					"@executable_path/Frameworks",
				);
				MARKETING_VERSION = 1.0;
				PRODUCT_BUNDLE_IDENTIFIER = raven.eCommerce;
				PRODUCT_NAME = "$(TARGET_NAME)";
				SWIFT_EMIT_LOC_STRINGS = YES;
				SWIFT_VERSION = 5.0;
				TARGETED_DEVICE_FAMILY = "1,2";
			};
			name = Debug;
		};
		9F6398DE272D5D4200DAAED8 /* Release */ = {
			isa = XCBuildConfiguration;
			buildSettings = {
				ASSETCATALOG_COMPILER_APPICON_NAME = AppIcon;
				ASSETCATALOG_COMPILER_GLOBAL_ACCENT_COLOR_NAME = AccentColor;
				CODE_SIGN_STYLE = Automatic;
				CURRENT_PROJECT_VERSION = 1;
				GENERATE_INFOPLIST_FILE = YES;
				INFOPLIST_FILE = eCommerce/Info.plist;
				INFOPLIST_KEY_UIApplicationSupportsIndirectInputEvents = YES;
				INFOPLIST_KEY_UILaunchStoryboardName = LaunchScreen;
				INFOPLIST_KEY_UIMainStoryboardFile = Main;
				INFOPLIST_KEY_UISupportedInterfaceOrientations_iPad = "UIInterfaceOrientationPortrait UIInterfaceOrientationPortraitUpsideDown UIInterfaceOrientationLandscapeLeft UIInterfaceOrientationLandscapeRight";
				INFOPLIST_KEY_UISupportedInterfaceOrientations_iPhone = "UIInterfaceOrientationPortrait UIInterfaceOrientationLandscapeLeft UIInterfaceOrientationLandscapeRight";
				LD_RUNPATH_SEARCH_PATHS = (
					"$(inherited)",
					"@executable_path/Frameworks",
				);
				MARKETING_VERSION = 1.0;
				PRODUCT_BUNDLE_IDENTIFIER = raven.eCommerce;
				PRODUCT_NAME = "$(TARGET_NAME)";
				SWIFT_EMIT_LOC_STRINGS = YES;
				SWIFT_VERSION = 5.0;
				TARGETED_DEVICE_FAMILY = "1,2";
			};
			name = Release;
		};
		9F6398E0272D5D4200DAAED8 /* Debug */ = {
			isa = XCBuildConfiguration;
			buildSettings = {
				ALWAYS_EMBED_SWIFT_STANDARD_LIBRARIES = YES;
				BUNDLE_LOADER = "$(TEST_HOST)";
				CODE_SIGN_STYLE = Automatic;
				CURRENT_PROJECT_VERSION = 1;
				GENERATE_INFOPLIST_FILE = YES;
				IPHONEOS_DEPLOYMENT_TARGET = 15.0;
				LD_RUNPATH_SEARCH_PATHS = (
					"$(inherited)",
					"@executable_path/Frameworks",
					"@loader_path/Frameworks",
				);
				MARKETING_VERSION = 1.0;
				PRODUCT_BUNDLE_IDENTIFIER = raven.eCommerceTests;
				PRODUCT_NAME = "$(TARGET_NAME)";
				SWIFT_EMIT_LOC_STRINGS = NO;
				SWIFT_VERSION = 5.0;
				TARGETED_DEVICE_FAMILY = "1,2";
				TEST_HOST = "$(BUILT_PRODUCTS_DIR)/eCommerce.app/eCommerce";
			};
			name = Debug;
		};
		9F6398E1272D5D4200DAAED8 /* Release */ = {
			isa = XCBuildConfiguration;
			buildSettings = {
				ALWAYS_EMBED_SWIFT_STANDARD_LIBRARIES = YES;
				BUNDLE_LOADER = "$(TEST_HOST)";
				CODE_SIGN_STYLE = Automatic;
				CURRENT_PROJECT_VERSION = 1;
				GENERATE_INFOPLIST_FILE = YES;
				IPHONEOS_DEPLOYMENT_TARGET = 15.0;
				LD_RUNPATH_SEARCH_PATHS = (
					"$(inherited)",
					"@executable_path/Frameworks",
					"@loader_path/Frameworks",
				);
				MARKETING_VERSION = 1.0;
				PRODUCT_BUNDLE_IDENTIFIER = raven.eCommerceTests;
				PRODUCT_NAME = "$(TARGET_NAME)";
				SWIFT_EMIT_LOC_STRINGS = NO;
				SWIFT_VERSION = 5.0;
				TARGETED_DEVICE_FAMILY = "1,2";
				TEST_HOST = "$(BUILT_PRODUCTS_DIR)/eCommerce.app/eCommerce";
			};
			name = Release;
		};
		9F6398E3272D5D4200DAAED8 /* Debug */ = {
			isa = XCBuildConfiguration;
			buildSettings = {
				ALWAYS_EMBED_SWIFT_STANDARD_LIBRARIES = YES;
				CODE_SIGN_STYLE = Automatic;
				CURRENT_PROJECT_VERSION = 1;
				GENERATE_INFOPLIST_FILE = YES;
				LD_RUNPATH_SEARCH_PATHS = (
					"$(inherited)",
					"@executable_path/Frameworks",
					"@loader_path/Frameworks",
				);
				MARKETING_VERSION = 1.0;
				PRODUCT_BUNDLE_IDENTIFIER = raven.eCommerceUITests;
				PRODUCT_NAME = "$(TARGET_NAME)";
				SWIFT_EMIT_LOC_STRINGS = NO;
				SWIFT_VERSION = 5.0;
				TARGETED_DEVICE_FAMILY = "1,2";
				TEST_TARGET_NAME = eCommerce;
			};
			name = Debug;
		};
		9F6398E4272D5D4200DAAED8 /* Release */ = {
			isa = XCBuildConfiguration;
			buildSettings = {
				ALWAYS_EMBED_SWIFT_STANDARD_LIBRARIES = YES;
				CODE_SIGN_STYLE = Automatic;
				CURRENT_PROJECT_VERSION = 1;
				GENERATE_INFOPLIST_FILE = YES;
				LD_RUNPATH_SEARCH_PATHS = (
					"$(inherited)",
					"@executable_path/Frameworks",
					"@loader_path/Frameworks",
				);
				MARKETING_VERSION = 1.0;
				PRODUCT_BUNDLE_IDENTIFIER = raven.eCommerceUITests;
				PRODUCT_NAME = "$(TARGET_NAME)";
				SWIFT_EMIT_LOC_STRINGS = NO;
				SWIFT_VERSION = 5.0;
				TARGETED_DEVICE_FAMILY = "1,2";
				TEST_TARGET_NAME = eCommerce;
			};
			name = Release;
		};
/* End XCBuildConfiguration section */

/* Begin XCConfigurationList section */
		9F6398AD272D5D3C00DAAED8 /* Build configuration list for PBXProject "eCommerce" */ = {
			isa = XCConfigurationList;
			buildConfigurations = (
				9F6398DA272D5D4200DAAED8 /* Debug */,
				9F6398DB272D5D4200DAAED8 /* Release */,
			);
			defaultConfigurationIsVisible = 0;
			defaultConfigurationName = Release;
		};
		9F6398DC272D5D4200DAAED8 /* Build configuration list for PBXNativeTarget "eCommerce" */ = {
			isa = XCConfigurationList;
			buildConfigurations = (
				9F6398DD272D5D4200DAAED8 /* Debug */,
				9F6398DE272D5D4200DAAED8 /* Release */,
			);
			defaultConfigurationIsVisible = 0;
			defaultConfigurationName = Release;
		};
		9F6398DF272D5D4200DAAED8 /* Build configuration list for PBXNativeTarget "eCommerceTests" */ = {
			isa = XCConfigurationList;
			buildConfigurations = (
				9F6398E0272D5D4200DAAED8 /* Debug */,
				9F6398E1272D5D4200DAAED8 /* Release */,
			);
			defaultConfigurationIsVisible = 0;
			defaultConfigurationName = Release;
		};
		9F6398E2272D5D4200DAAED8 /* Build configuration list for PBXNativeTarget "eCommerceUITests" */ = {
			isa = XCConfigurationList;
			buildConfigurations = (
				9F6398E3272D5D4200DAAED8 /* Debug */,
				9F6398E4272D5D4200DAAED8 /* Release */,
			);
			defaultConfigurationIsVisible = 0;
			defaultConfigurationName = Release;
		};
/* End XCConfigurationList section */
	};
	rootObject = 9F6398AA272D5D3C00DAAED8 /* Project object */;
}
